// !$*UTF8*$!
{
	archiveVersion = 1;
	classes = {
	};
	objectVersion = 50;
	objects = {

/* Begin PBXBuildFile section */
		13111602262E1FD800B5013A /* SimpleCardView2mPharmaApp.swift in Sources */ = {isa = PBXBuildFile; fileRef = 13111601262E1FD800B5013A /* SimpleCardView2mPharmaApp.swift */; };
		13111604262E1FD800B5013A /* ContentView.swift in Sources */ = {isa = PBXBuildFile; fileRef = 13111603262E1FD800B5013A /* ContentView.swift */; };
		13111606262E1FD800B5013A /* Assets.xcassets in Resources */ = {isa = PBXBuildFile; fileRef = 13111605262E1FD800B5013A /* Assets.xcassets */; };
		13111609262E1FD800B5013A /* Preview Assets.xcassets in Resources */ = {isa = PBXBuildFile; fileRef = 13111608262E1FD800B5013A /* Preview Assets.xcassets */; };
		13111612262E210B00B5013A /* oxxy_body_oil.jpg in Resources */ = {isa = PBXBuildFile; fileRef = 13111611262E210B00B5013A /* oxxy_body_oil.jpg */; };
		13111615262E229C00B5013A /* Product.swift in Sources */ = {isa = PBXBuildFile; fileRef = 13111614262E229C00B5013A /* Product.swift */; };
		13111618262E244A00B5013A /* CardView.swift in Sources */ = {isa = PBXBuildFile; fileRef = 13111617262E244A00B5013A /* CardView.swift */; };
		13FEE0742630D82E00C44E2D /* hawa_enzym.jpg in Resources */ = {isa = PBXBuildFile; fileRef = 13FEE0732630D82E00C44E2D /* hawa_enzym.jpg */; };
		13FEE0772630D83C00C44E2D /* prima_iron_fer_test.jpg in Resources */ = {isa = PBXBuildFile; fileRef = 13FEE0762630D83C00C44E2D /* prima_iron_fer_test.jpg */; };
/* End PBXBuildFile section */

/* Begin PBXFileReference section */
		131115FE262E1FD800B5013A /* SimpleCardView2mPharma.app */ = {isa = PBXFileReference; explicitFileType = wrapper.application; includeInIndex = 0; path = SimpleCardView2mPharma.app; sourceTree = BUILT_PRODUCTS_DIR; };
		13111601262E1FD800B5013A /* SimpleCardView2mPharmaApp.swift */ = {isa = PBXFileReference; lastKnownFileType = sourcecode.swift; path = SimpleCardView2mPharmaApp.swift; sourceTree = "<group>"; };
		13111603262E1FD800B5013A /* ContentView.swift */ = {isa = PBXFileReference; lastKnownFileType = sourcecode.swift; path = ContentView.swift; sourceTree = "<group>"; };
		13111605262E1FD800B5013A /* Assets.xcassets */ = {isa = PBXFileReference; lastKnownFileType = folder.assetcatalog; path = Assets.xcassets; sourceTree = "<group>"; };
		13111608262E1FD800B5013A /* Preview Assets.xcassets */ = {isa = PBXFileReference; lastKnownFileType = folder.assetcatalog; path = "Preview Assets.xcassets"; sourceTree = "<group>"; };
		1311160A262E1FD800B5013A /* Info.plist */ = {isa = PBXFileReference; lastKnownFileType = text.plist.xml; path = Info.plist; sourceTree = "<group>"; };
		13111611262E210B00B5013A /* oxxy_body_oil.jpg */ = {isa = PBXFileReference; lastKnownFileType = image.jpeg; name = oxxy_body_oil.jpg; path = ../../../../Downloads/oxxy_body_oil.jpg; sourceTree = "<group>"; };
		13111614262E229C00B5013A /* Product.swift */ = {isa = PBXFileReference; lastKnownFileType = sourcecode.swift; path = Product.swift; sourceTree = "<group>"; };
		13111617262E244A00B5013A /* CardView.swift */ = {isa = PBXFileReference; lastKnownFileType = sourcecode.swift; path = CardView.swift; sourceTree = "<group>"; };
		13FEE0732630D82E00C44E2D /* hawa_enzym.jpg */ = {isa = PBXFileReference; lastKnownFileType = image.jpeg; name = hawa_enzym.jpg; path = ../../../../Downloads/hawa_enzym.jpg; sourceTree = "<group>"; };
		13FEE0762630D83C00C44E2D /* prima_iron_fer_test.jpg */ = {isa = PBXFileReference; lastKnownFileType = image.jpeg; name = prima_iron_fer_test.jpg; path = ../../../../Downloads/prima_iron_fer_test.jpg; sourceTree = "<group>"; };
/* End PBXFileReference section */

/* Begin PBXFrameworksBuildPhase section */
		131115FB262E1FD800B5013A /* Frameworks */ = {
			isa = PBXFrameworksBuildPhase;
			buildActionMask = 2147483647;
			files = (
			);
			runOnlyForDeploymentPostprocessing = 0;
		};
/* End PBXFrameworksBuildPhase section */

/* Begin PBXGroup section */
		131115F5262E1FD800B5013A = {
			isa = PBXGroup;
			children = (
				13111600262E1FD800B5013A /* SimpleCardView2mPharma */,
				131115FF262E1FD800B5013A /* Products */,
			);
			sourceTree = "<group>";
		};
		131115FF262E1FD800B5013A /* Products */ = {
			isa = PBXGroup;
			children = (
				131115FE262E1FD800B5013A /* SimpleCardView2mPharma.app */,
			);
			name = Products;
			sourceTree = "<group>";
		};
		13111600262E1FD800B5013A /* SimpleCardView2mPharma */ = {
			isa = PBXGroup;
			children = (
				13111601262E1FD800B5013A /* SimpleCardView2mPharmaApp.swift */,
				13111603262E1FD800B5013A /* ContentView.swift */,
				13111605262E1FD800B5013A /* Assets.xcassets */,
				13FEE0732630D82E00C44E2D /* hawa_enzym.jpg */,
				13111611262E210B00B5013A /* oxxy_body_oil.jpg */,
				13FEE0762630D83C00C44E2D /* prima_iron_fer_test.jpg */,
				1311160A262E1FD800B5013A /* Info.plist */,
				13111607262E1FD800B5013A /* Preview Content */,
				13111614262E229C00B5013A /* Product.swift */,
				13111617262E244A00B5013A /* CardView.swift */,
			);
			path = SimpleCardView2mPharma;
			sourceTree = "<group>";
		};
		13111607262E1FD800B5013A /* Preview Content */ = {
			isa = PBXGroup;
			children = (
				13111608262E1FD800B5013A /* Preview Assets.xcassets */,
			);
			path = "Preview Content";
			sourceTree = "<group>";
		};
/* End PBXGroup section */

/* Begin PBXNativeTarget section */
		131115FD262E1FD800B5013A /* SimpleCardView2mPharma */ = {
			isa = PBXNativeTarget;
			buildConfigurationList = 1311160D262E1FD800B5013A /* Build configuration list for PBXNativeTarget "SimpleCardView2mPharma" */;
			buildPhases = (
				131115FA262E1FD800B5013A /* Sources */,
				131115FB262E1FD800B5013A /* Frameworks */,
				131115FC262E1FD800B5013A /* Resources */,
			);
			buildRules = (
			);
			dependencies = (
			);
			name = SimpleCardView2mPharma;
			productName = SimpleCardView2mPharma;
			productReference = 131115FE262E1FD800B5013A /* SimpleCardView2mPharma.app */;
			productType = "com.apple.product-type.application";
		};
/* End PBXNativeTarget section */

/* Begin PBXProject section */
		131115F6262E1FD800B5013A /* Project object */ = {
			isa = PBXProject;
			attributes = {
				LastSwiftUpdateCheck = 1240;
				LastUpgradeCheck = 1240;
				TargetAttributes = {
					131115FD262E1FD800B5013A = {
						CreatedOnToolsVersion = 12.4;
					};
				};
			};
			buildConfigurationList = 131115F9262E1FD800B5013A /* Build configuration list for PBXProject "SimpleCardView2mPharma" */;
			compatibilityVersion = "Xcode 9.3";
			developmentRegion = en;
			hasScannedForEncodings = 0;
			knownRegions = (
				en,
				Base,
			);
			mainGroup = 131115F5262E1FD800B5013A;
			productRefGroup = 131115FF262E1FD800B5013A /* Products */;
			projectDirPath = "";
			projectRoot = "";
			targets = (
				131115FD262E1FD800B5013A /* SimpleCardView2mPharma */,
			);
		};
/* End PBXProject section */

/* Begin PBXResourcesBuildPhase section */
		131115FC262E1FD800B5013A /* Resources */ = {
			isa = PBXResourcesBuildPhase;
			buildActionMask = 2147483647;
			files = (
				13FEE0742630D82E00C44E2D /* hawa_enzym.jpg in Resources */,
				13FEE0772630D83C00C44E2D /* prima_iron_fer_test.jpg in Resources */,
				13111609262E1FD800B5013A /* Preview Assets.xcassets in Resources */,
				13111606262E1FD800B5013A /* Assets.xcassets in Resources */,
				13111612262E210B00B5013A /* oxxy_body_oil.jpg in Resources */,
			);
			runOnlyForDeploymentPostprocessing = 0;
		};
/* End PBXResourcesBuildPhase section */

/* Begin PBXSourcesBuildPhase section */
		131115FA262E1FD800B5013A /* Sources */ = {
			isa = PBXSourcesBuildPhase;
			buildActionMask = 2147483647;
			files = (
				13111604262E1FD800B5013A /* ContentView.swift in Sources */,
				13111602262E1FD800B5013A /* SimpleCardView2mPharmaApp.swift in Sources */,
				13111618262E244A00B5013A /* CardView.swift in Sources */,
				13111615262E229C00B5013A /* Product.swift in Sources */,
			);
			runOnlyForDeploymentPostprocessing = 0;
		};
/* End PBXSourcesBuildPhase section */

/* Begin XCBuildConfiguration section */
		1311160B262E1FD800B5013A /* Debug */ = {
			isa = XCBuildConfiguration;
			buildSettings = {
				ALWAYS_SEARCH_USER_PATHS = NO;
				CLANG_ANALYZER_NONNULL = YES;
				CLANG_ANALYZER_NUMBER_OBJECT_CONVERSION = YES_AGGRESSIVE;
				CLANG_CXX_LANGUAGE_STANDARD = "gnu++14";
				CLANG_CXX_LIBRARY = "libc++";
				CLANG_ENABLE_MODULES = YES;
				CLANG_ENABLE_OBJC_ARC = YES;
				CLANG_ENABLE_OBJC_WEAK = YES;
				CLANG_WARN_BLOCK_CAPTURE_AUTORELEASING = YES;
				CLANG_WARN_BOOL_CONVERSION = YES;
				CLANG_WARN_COMMA = YES;
				CLANG_WARN_CONSTANT_CONVERSION = YES;
				CLANG_WARN_DEPRECATED_OBJC_IMPLEMENTATIONS = YES;
				CLANG_WARN_DIRECT_OBJC_ISA_USAGE = YES_ERROR;
				CLANG_WARN_DOCUMENTATION_COMMENTS = YES;
				CLANG_WARN_EMPTY_BODY = YES;
				CLANG_WARN_ENUM_CONVERSION = YES;
				CLANG_WARN_INFINITE_RECURSION = YES;
				CLANG_WARN_INT_CONVERSION = YES;
				CLANG_WARN_NON_LITERAL_NULL_CONVERSION = YES;
				CLANG_WARN_OBJC_IMPLICIT_RETAIN_SELF = YES;
				CLANG_WARN_OBJC_LITERAL_CONVERSION = YES;
				CLANG_WARN_OBJC_ROOT_CLASS = YES_ERROR;
				CLANG_WARN_QUOTED_INCLUDE_IN_FRAMEWORK_HEADER = YES;
				CLANG_WARN_RANGE_LOOP_ANALYSIS = YES;
				CLANG_WARN_STRICT_PROTOTYPES = YES;
				CLANG_WARN_SUSPICIOUS_MOVE = YES;
				CLANG_WARN_UNGUARDED_AVAILABILITY = YES_AGGRESSIVE;
				CLANG_WARN_UNREACHABLE_CODE = YES;
				CLANG_WARN__DUPLICATE_METHOD_MATCH = YES;
				COPY_PHASE_STRIP = NO;
				DEBUG_INFORMATION_FORMAT = dwarf;
				ENABLE_STRICT_OBJC_MSGSEND = YES;
				ENABLE_TESTABILITY = YES;
				GCC_C_LANGUAGE_STANDARD = gnu11;
				GCC_DYNAMIC_NO_PIC = NO;
				GCC_NO_COMMON_BLOCKS = YES;
				GCC_OPTIMIZATION_LEVEL = 0;
				GCC_PREPROCESSOR_DEFINITIONS = (
					"DEBUG=1",
					"$(inherited)",
				);
				GCC_WARN_64_TO_32_BIT_CONVERSION = YES;
				GCC_WARN_ABOUT_RETURN_TYPE = YES_ERROR;
				GCC_WARN_UNDECLARED_SELECTOR = YES;
				GCC_WARN_UNINITIALIZED_AUTOS = YES_AGGRESSIVE;
				GCC_WARN_UNUSED_FUNCTION = YES;
				GCC_WARN_UNUSED_VARIABLE = YES;
				IPHONEOS_DEPLOYMENT_TARGET = 14.4;
				MTL_ENABLE_DEBUG_INFO = INCLUDE_SOURCE;
				MTL_FAST_MATH = YES;
				ONLY_ACTIVE_ARCH = YES;
				SDKROOT = iphoneos;
				SWIFT_ACTIVE_COMPILATION_CONDITIONS = DEBUG;
				SWIFT_OPTIMIZATION_LEVEL = "-Onone";
			};
			name = Debug;
		};
		1311160C262E1FD800B5013A /* Release */ = {
			isa = XCBuildConfiguration;
			buildSettings = {
				ALWAYS_SEARCH_USER_PATHS = NO;
				CLANG_ANALYZER_NONNULL = YES;
				CLANG_ANALYZER_NUMBER_OBJECT_CONVERSION = YES_AGGRESSIVE;
				CLANG_CXX_LANGUAGE_STANDARD = "gnu++14";
				CLANG_CXX_LIBRARY = "libc++";
				CLANG_ENABLE_MODULES = YES;
				CLANG_ENABLE_OBJC_ARC = YES;
				CLANG_ENABLE_OBJC_WEAK = YES;
				CLANG_WARN_BLOCK_CAPTURE_AUTORELEASING = YES;
				CLANG_WARN_BOOL_CONVERSION = YES;
				CLANG_WARN_COMMA = YES;
				CLANG_WARN_CONSTANT_CONVERSION = YES;
				CLANG_WARN_DEPRECATED_OBJC_IMPLEMENTATIONS = YES;
				CLANG_WARN_DIRECT_OBJC_ISA_USAGE = YES_ERROR;
				CLANG_WARN_DOCUMENTATION_COMMENTS = YES;
				CLANG_WARN_EMPTY_BODY = YES;
				CLANG_WARN_ENUM_CONVERSION = YES;
				CLANG_WARN_INFINITE_RECURSION = YES;
				CLANG_WARN_INT_CONVERSION = YES;
				CLANG_WARN_NON_LITERAL_NULL_CONVERSION = YES;
				CLANG_WARN_OBJC_IMPLICIT_RETAIN_SELF = YES;
				CLANG_WARN_OBJC_LITERAL_CONVERSION = YES;
				CLANG_WARN_OBJC_ROOT_CLASS = YES_ERROR;
				CLANG_WARN_QUOTED_INCLUDE_IN_FRAMEWORK_HEADER = YES;
				CLANG_WARN_RANGE_LOOP_ANALYSIS = YES;
				CLANG_WARN_STRICT_PROTOTYPES = YES;
				CLANG_WARN_SUSPICIOUS_MOVE = YES;
				CLANG_WARN_UNGUARDED_AVAILABILITY = YES_AGGRESSIVE;
				CLANG_WARN_UNREACHABLE_CODE = YES;
				CLANG_WARN__DUPLICATE_METHOD_MATCH = YES;
				COPY_PHASE_STRIP = NO;
				DEBUG_INFORMATION_FORMAT = "dwarf-with-dsym";
				ENABLE_NS_ASSERTIONS = NO;
				ENABLE_STRICT_OBJC_MSGSEND = YES;
				GCC_C_LANGUAGE_STANDARD = gnu11;
				GCC_NO_COMMON_BLOCKS = YES;
				GCC_WARN_64_TO_32_BIT_CONVERSION = YES;
				GCC_WARN_ABOUT_RETURN_TYPE = YES_ERROR;
				GCC_WARN_UNDECLARED_SELECTOR = YES;
				GCC_WARN_UNINITIALIZED_AUTOS = YES_AGGRESSIVE;
				GCC_WARN_UNUSED_FUNCTION = YES;
				GCC_WARN_UNUSED_VARIABLE = YES;
				IPHONEOS_DEPLOYMENT_TARGET = 14.4;
				MTL_ENABLE_DEBUG_INFO = NO;
				MTL_FAST_MATH = YES;
				SDKROOT = iphoneos;
				SWIFT_COMPILATION_MODE = wholemodule;
				SWIFT_OPTIMIZATION_LEVEL = "-O";
				VALIDATE_PRODUCT = YES;
			};
			name = Release;
		};
		1311160E262E1FD800B5013A /* Debug */ = {
			isa = XCBuildConfiguration;
			buildSettings = {
				ASSETCATALOG_COMPILER_APPICON_NAME = AppIcon;
				ASSETCATALOG_COMPILER_GLOBAL_ACCENT_COLOR_NAME = AccentColor;
				CODE_SIGN_STYLE = Automatic;
				DEVELOPMENT_ASSET_PATHS = "\"SimpleCardView2mPharma/Preview Content\"";
				DEVELOPMENT_TEAM = 3392JT3M33;
				ENABLE_PREVIEWS = YES;
				INFOPLIST_FILE = SimpleCardView2mPharma/Info.plist;
				IPHONEOS_DEPLOYMENT_TARGET = 14.0;
				LD_RUNPATH_SEARCH_PATHS = (
					"$(inherited)",
					"@executable_path/Frameworks",
				);
				PRODUCT_BUNDLE_IDENTIFIER = com.tmjromao.SimpleCardView2mPharma;
				PRODUCT_NAME = "$(TARGET_NAME)";
				SWIFT_VERSION = 5.0;
				TARGETED_DEVICE_FAMILY = "1,2";
			};
			name = Debug;
		};
		1311160F262E1FD800B5013A /* Release */ = {
			isa = XCBuildConfiguration;
			buildSettings = {
				ASSETCATALOG_COMPILER_APPICON_NAME = AppIcon;
				ASSETCATALOG_COMPILER_GLOBAL_ACCENT_COLOR_NAME = AccentColor;
				CODE_SIGN_STYLE = Automatic;
				DEVELOPMENT_ASSET_PATHS = "\"SimpleCardView2mPharma/Preview Content\"";
				DEVELOPMENT_TEAM = 3392JT3M33;
				ENABLE_PREVIEWS = YES;
				INFOPLIST_FILE = SimpleCardView2mPharma/Info.plist;
				IPHONEOS_DEPLOYMENT_TARGET = 14.0;
				LD_RUNPATH_SEARCH_PATHS = (
					"$(inherited)",
					"@executable_path/Frameworks",
				);
				PRODUCT_BUNDLE_IDENTIFIER = com.tmjromao.SimpleCardView2mPharma;
				PRODUCT_NAME = "$(TARGET_NAME)";
				SWIFT_VERSION = 5.0;
				TARGETED_DEVICE_FAMILY = "1,2";
			};
			name = Release;
		};
/* End XCBuildConfiguration section */

/* Begin XCConfigurationList section */
		131115F9262E1FD800B5013A /* Build configuration list for PBXProject "SimpleCardView2mPharma" */ = {
			isa = XCConfigurationList;
			buildConfigurations = (
				1311160B262E1FD800B5013A /* Debug */,
				1311160C262E1FD800B5013A /* Release */,
			);
			defaultConfigurationIsVisible = 0;
			defaultConfigurationName = Release;
		};
		1311160D262E1FD800B5013A /* Build configuration list for PBXNativeTarget "SimpleCardView2mPharma" */ = {
			isa = XCConfigurationList;
			buildConfigurations = (
				1311160E262E1FD800B5013A /* Debug */,
				1311160F262E1FD800B5013A /* Release */,
			);
			defaultConfigurationIsVisible = 0;
			defaultConfigurationName = Release;
		};
/* End XCConfigurationList section */
	};
	rootObject = 131115F6262E1FD800B5013A /* Project object */;
}
